
Microsoft Visual Studio Solution File, Format Version 12.00
# Visual Studio 15
VisualStudioVersion = 15.0.27428.2037
MinimumVisualStudioVersion = 10.0.40219.1
Project("{FAE04EC0-301F-11D3-BF4B-00C04F79EFBC}") = "SeleniumInterview", "SeleniumInterview\SeleniumInterview.csproj", "{A6D6AA58-D108-4FF7-B098-F0D92DA66DED}"
EndProject
Global
	GlobalSection(SolutionConfigurationPlatforms) = preSolution
		Debug|Any CPU = Debug|Any CPU
		Release|Any CPU = Release|Any CPU
	EndGlobalSection
	GlobalSection(ProjectConfigurationPlatforms) = postSolution
		{A6D6AA58-D108-4FF7-B098-F0D92DA66DED}.Debug|Any CPU.ActiveCfg = Debug|Any CPU
		{A6D6AA58-D108-4FF7-B098-F0D92DA66DED}.Debug|Any CPU.Build.0 = Debug|Any CPU
		{A6D6AA58-D108-4FF7-B098-F0D92DA66DED}.Release|Any CPU.ActiveCfg = Release|Any CPU
		{A6D6AA58-D108-4FF7-B098-F0D92DA66DED}.Release|Any CPU.Build.0 = Release|Any CPU
	EndGlobalSection
	GlobalSection(SolutionProperties) = preSolution
		HideSolutionNode = FALSE
	EndGlobalSection
	GlobalSection(ExtensibilityGlobals) = postSolution
		SolutionGuid = {9FD43F5A-90CA-40E2-A6EC-1BCA2C46AA51}
	EndGlobalSection
EndGlobal
